
Microsoft Visual Studio Solution File, Format Version 12.00
# Visual Studio 15
VisualStudioVersion = 15.0.26730.15
MinimumVisualStudioVersion = 10.0.40219.1
Project("{FAE04EC0-301F-11D3-BF4B-00C04F79EFBC}") = "VideoCodec", "VideoCodec\VideoCodec.csproj", "{391FD3C4-3A14-43F4-8886-FF18BF8427AD}"
EndProject
Global
	GlobalSection(SolutionConfigurationPlatforms) = preSolution
		Debug|Any CPU = Debug|Any CPU
		Debug|x64 = Debug|x64
		Debug|x86 = Debug|x86
		Release|Any CPU = Release|Any CPU
		Release|x64 = Release|x64
		Release|x86 = Release|x86
	EndGlobalSection
	GlobalSection(ProjectConfigurationPlatforms) = postSolution
		{391FD3C4-3A14-43F4-8886-FF18BF8427AD}.Debug|Any CPU.ActiveCfg = Debug|Any CPU
		{391FD3C4-3A14-43F4-8886-FF18BF8427AD}.Debug|Any CPU.Build.0 = Debug|Any CPU
		{391FD3C4-3A14-43F4-8886-FF18BF8427AD}.Debug|x64.ActiveCfg = Debug|x64
		{391FD3C4-3A14-43F4-8886-FF18BF8427AD}.Debug|x64.Build.0 = Debug|x64
		{391FD3C4-3A14-43F4-8886-FF18BF8427AD}.Debug|x86.ActiveCfg = Debug|x86
		{391FD3C4-3A14-43F4-8886-FF18BF8427AD}.Debug|x86.Build.0 = Debug|x86
		{391FD3C4-3A14-43F4-8886-FF18BF8427AD}.Release|Any CPU.ActiveCfg = Release|Any CPU
		{391FD3C4-3A14-43F4-8886-FF18BF8427AD}.Release|Any CPU.Build.0 = Release|Any CPU
		{391FD3C4-3A14-43F4-8886-FF18BF8427AD}.Release|x64.ActiveCfg = Release|x64
		{391FD3C4-3A14-43F4-8886-FF18BF8427AD}.Release|x64.Build.0 = Release|x64
		{391FD3C4-3A14-43F4-8886-FF18BF8427AD}.Release|x86.ActiveCfg = Release|x86
		{391FD3C4-3A14-43F4-8886-FF18BF8427AD}.Release|x86.Build.0 = Release|x86
	EndGlobalSection
	GlobalSection(SolutionProperties) = preSolution
		HideSolutionNode = FALSE
	EndGlobalSection
	GlobalSection(ExtensibilityGlobals) = postSolution
		SolutionGuid = {94C682B3-BC43-4923-A9AA-BDB8B784F8FF}
	EndGlobalSection
EndGlobal
